dependencies:
  firmware:
    dependencies: []
    source:
      path: /home/quartz/Developments/projects/rimba/firmware/rimba-halow-scan/components/firmware
      type: local
    version: 2.10.4-esp32-2
  idf:
    source:
      type: idf
    version: 5.4.2
direct_dependencies:
- idf
- morsemicro/firmware
manifest_hash: 3094d37eb98da925e555a0ef37c234cde120013bc9f1b1089c902c7dec59c736
target: esp32s3
version: 2.0.0
